
Microsoft Visual Studio Solution File, Format Version 12.00
# Visual Studio Version 17
VisualStudioVersion = 17.2.32516.85
MinimumVisualStudioVersion = 10.0.40219.1
Project("{9A19103F-16F7-4668-BE54-9A1E7A4F7556}") = "Buisness", "Buisness\Buisness.csproj", "{38287989-454E-4A95-8602-5D44705BAB0D}"
EndProject
Project("{9A19103F-16F7-4668-BE54-9A1E7A4F7556}") = "Core", "Core\Core.csproj", "{E6A6C480-51B4-4FAC-A58C-9D005DB1C0A8}"
EndProject
Project("{9A19103F-16F7-4668-BE54-9A1E7A4F7556}") = "Entities", "Entities\Entities.csproj", "{BB99CFED-EDB1-468B-A6DE-D0409D91A531}"
EndProject
Project("{9A19103F-16F7-4668-BE54-9A1E7A4F7556}") = "WEBUI", "WEBUI\WEBUI.csproj", "{3C70140D-2278-44C9-AADF-0038D38FE04E}"
EndProject
Project("{9A19103F-16F7-4668-BE54-9A1E7A4F7556}") = "DataAccess", "DataAccess\DataAccess.csproj", "{6ADB344E-F705-4219-9120-41166474D027}"
EndProject
Global
	GlobalSection(SolutionConfigurationPlatforms) = preSolution
		Debug|Any CPU = Debug|Any CPU
		Release|Any CPU = Release|Any CPU
	EndGlobalSection
	GlobalSection(ProjectConfigurationPlatforms) = postSolution
		{38287989-454E-4A95-8602-5D44705BAB0D}.Debug|Any CPU.ActiveCfg = Debug|Any CPU
		{38287989-454E-4A95-8602-5D44705BAB0D}.Debug|Any CPU.Build.0 = Debug|Any CPU
		{38287989-454E-4A95-8602-5D44705BAB0D}.Release|Any CPU.ActiveCfg = Release|Any CPU
		{38287989-454E-4A95-8602-5D44705BAB0D}.Release|Any CPU.Build.0 = Release|Any CPU
		{E6A6C480-51B4-4FAC-A58C-9D005DB1C0A8}.Debug|Any CPU.ActiveCfg = Debug|Any CPU
		{E6A6C480-51B4-4FAC-A58C-9D005DB1C0A8}.Debug|Any CPU.Build.0 = Debug|Any CPU
		{E6A6C480-51B4-4FAC-A58C-9D005DB1C0A8}.Release|Any CPU.ActiveCfg = Release|Any CPU
		{E6A6C480-51B4-4FAC-A58C-9D005DB1C0A8}.Release|Any CPU.Build.0 = Release|Any CPU
		{BB99CFED-EDB1-468B-A6DE-D0409D91A531}.Debug|Any CPU.ActiveCfg = Debug|Any CPU
		{BB99CFED-EDB1-468B-A6DE-D0409D91A531}.Debug|Any CPU.Build.0 = Debug|Any CPU
		{BB99CFED-EDB1-468B-A6DE-D0409D91A531}.Release|Any CPU.ActiveCfg = Release|Any CPU
		{BB99CFED-EDB1-468B-A6DE-D0409D91A531}.Release|Any CPU.Build.0 = Release|Any CPU
		{3C70140D-2278-44C9-AADF-0038D38FE04E}.Debug|Any CPU.ActiveCfg = Debug|Any CPU
		{3C70140D-2278-44C9-AADF-0038D38FE04E}.Debug|Any CPU.Build.0 = Debug|Any CPU
		{3C70140D-2278-44C9-AADF-0038D38FE04E}.Release|Any CPU.ActiveCfg = Release|Any CPU
		{3C70140D-2278-44C9-AADF-0038D38FE04E}.Release|Any CPU.Build.0 = Release|Any CPU
		{6ADB344E-F705-4219-9120-41166474D027}.Debug|Any CPU.ActiveCfg = Debug|Any CPU
		{6ADB344E-F705-4219-9120-41166474D027}.Debug|Any CPU.Build.0 = Debug|Any CPU
		{6ADB344E-F705-4219-9120-41166474D027}.Release|Any CPU.ActiveCfg = Release|Any CPU
		{6ADB344E-F705-4219-9120-41166474D027}.Release|Any CPU.Build.0 = Release|Any CPU
	EndGlobalSection
	GlobalSection(SolutionProperties) = preSolution
		HideSolutionNode = FALSE
	EndGlobalSection
	GlobalSection(ExtensibilityGlobals) = postSolution
		SolutionGuid = {2B67FE7A-253E-4A02-B21F-CF3657F57437}
	EndGlobalSection
EndGlobal
